
Microsoft Visual Studio Solution File, Format Version 12.00
# Visual Studio Version 17
VisualStudioVersion = 17.0.31903.59
MinimumVisualStudioVersion = 10.0.40219.1
Project("{2150E333-8FDC-42A3-9474-1A3956D46DE8}") = "src", "src", "{827E0CD3-B72D-47B6-A68D-7590B98EB39B}"
EndProject
Project("{FAE04EC0-301F-11D3-BF4B-00C04F79EFBC}") = "Acl.Fs.Abstractions", "src\Acl.Fs.Abstractions\Acl.Fs.Abstractions.csproj", "{5E0B4113-300F-406D-9935-7352DE17404E}"
EndProject
Project("{FAE04EC0-301F-11D3-BF4B-00C04F79EFBC}") = "Acl.Fs.Core", "src\Acl.Fs.Core\Acl.Fs.Core.csproj", "{D75C1276-D447-4622-8311-9FD1534B964D}"
EndProject
Project("{FAE04EC0-301F-11D3-BF4B-00C04F79EFBC}") = "Acl.Fs.Stream", "src\Acl.Fs.Stream\Acl.Fs.Stream.csproj", "{90A00E13-B3D6-40C5-B127-6B566D6782A0}"
EndProject
Project("{FAE04EC0-301F-11D3-BF4B-00C04F79EFBC}") = "Acl.Fs.Native", "src\Acl.Fs.Native\Acl.Fs.Native.csproj", "{3A1CDE1E-AC11-4812-AAE5-0565CECAA231}"
EndProject
Project("{2150E333-8FDC-42A3-9474-1A3956D46DE8}") = "tests", "tests", "{0AB3BF05-4346-4AA6-1389-037BE0695223}"
EndProject
Project("{FAE04EC0-301F-11D3-BF4B-00C04F79EFBC}") = "Acl.Fs.Stream.UnitTests", "tests\Acl.Fs.Stream.UnitTests\Acl.Fs.Stream.UnitTests.csproj", "{6D1968A2-1090-4EEA-B8E4-E5CACA346058}"
EndProject
Project("{FAE04EC0-301F-11D3-BF4B-00C04F79EFBC}") = "Acl.Fs.Native.UnitTests", "tests\Acl.Fs.Native.UnitTests\Acl.Fs.Native.UnitTests.csproj", "{5AF77FEE-F24E-45F1-8B0F-3231A2711DFC}"
EndProject
Project("{FAE04EC0-301F-11D3-BF4B-00C04F79EFBC}") = "Acl.Fs.Core.UnitTests", "tests\Acl.Fs.Core.UnitTests\Acl.Fs.Core.UnitTests.csproj", "{D80EFF67-FF83-417B-B3A0-AD199570E704}"
EndProject
Global
	GlobalSection(SolutionConfigurationPlatforms) = preSolution
		Debug|Any CPU = Debug|Any CPU
		Debug|x64 = Debug|x64
		Debug|x86 = Debug|x86
		Release|Any CPU = Release|Any CPU
		Release|x64 = Release|x64
		Release|x86 = Release|x86
	EndGlobalSection
	GlobalSection(ProjectConfigurationPlatforms) = postSolution
		{5E0B4113-300F-406D-9935-7352DE17404E}.Debug|Any CPU.ActiveCfg = Debug|Any CPU
		{5E0B4113-300F-406D-9935-7352DE17404E}.Debug|Any CPU.Build.0 = Debug|Any CPU
		{5E0B4113-300F-406D-9935-7352DE17404E}.Debug|x64.ActiveCfg = Debug|Any CPU
		{5E0B4113-300F-406D-9935-7352DE17404E}.Debug|x64.Build.0 = Debug|Any CPU
		{5E0B4113-300F-406D-9935-7352DE17404E}.Debug|x86.ActiveCfg = Debug|Any CPU
		{5E0B4113-300F-406D-9935-7352DE17404E}.Debug|x86.Build.0 = Debug|Any CPU
		{5E0B4113-300F-406D-9935-7352DE17404E}.Release|Any CPU.ActiveCfg = Release|Any CPU
		{5E0B4113-300F-406D-9935-7352DE17404E}.Release|Any CPU.Build.0 = Release|Any CPU
		{5E0B4113-300F-406D-9935-7352DE17404E}.Release|x64.ActiveCfg = Release|Any CPU
		{5E0B4113-300F-406D-9935-7352DE17404E}.Release|x64.Build.0 = Release|Any CPU
		{5E0B4113-300F-406D-9935-7352DE17404E}.Release|x86.ActiveCfg = Release|Any CPU
		{5E0B4113-300F-406D-9935-7352DE17404E}.Release|x86.Build.0 = Release|Any CPU
		{D75C1276-D447-4622-8311-9FD1534B964D}.Debug|Any CPU.ActiveCfg = Debug|Any CPU
		{D75C1276-D447-4622-8311-9FD1534B964D}.Debug|Any CPU.Build.0 = Debug|Any CPU
		{D75C1276-D447-4622-8311-9FD1534B964D}.Debug|x64.ActiveCfg = Debug|Any CPU
		{D75C1276-D447-4622-8311-9FD1534B964D}.Debug|x64.Build.0 = Debug|Any CPU
		{D75C1276-D447-4622-8311-9FD1534B964D}.Debug|x86.ActiveCfg = Debug|Any CPU
		{D75C1276-D447-4622-8311-9FD1534B964D}.Debug|x86.Build.0 = Debug|Any CPU
		{D75C1276-D447-4622-8311-9FD1534B964D}.Release|Any CPU.ActiveCfg = Release|Any CPU
		{D75C1276-D447-4622-8311-9FD1534B964D}.Release|Any CPU.Build.0 = Release|Any CPU
		{D75C1276-D447-4622-8311-9FD1534B964D}.Release|x64.ActiveCfg = Release|Any CPU
		{D75C1276-D447-4622-8311-9FD1534B964D}.Release|x64.Build.0 = Release|Any CPU
		{D75C1276-D447-4622-8311-9FD1534B964D}.Release|x86.ActiveCfg = Release|Any CPU
		{D75C1276-D447-4622-8311-9FD1534B964D}.Release|x86.Build.0 = Release|Any CPU
		{90A00E13-B3D6-40C5-B127-6B566D6782A0}.Debug|Any CPU.ActiveCfg = Debug|Any CPU
		{90A00E13-B3D6-40C5-B127-6B566D6782A0}.Debug|Any CPU.Build.0 = Debug|Any CPU
		{90A00E13-B3D6-40C5-B127-6B566D6782A0}.Debug|x64.ActiveCfg = Debug|Any CPU
		{90A00E13-B3D6-40C5-B127-6B566D6782A0}.Debug|x64.Build.0 = Debug|Any CPU
		{90A00E13-B3D6-40C5-B127-6B566D6782A0}.Debug|x86.ActiveCfg = Debug|Any CPU
		{90A00E13-B3D6-40C5-B127-6B566D6782A0}.Debug|x86.Build.0 = Debug|Any CPU
		{90A00E13-B3D6-40C5-B127-6B566D6782A0}.Release|Any CPU.ActiveCfg = Release|Any CPU
		{90A00E13-B3D6-40C5-B127-6B566D6782A0}.Release|Any CPU.Build.0 = Release|Any CPU
		{90A00E13-B3D6-40C5-B127-6B566D6782A0}.Release|x64.ActiveCfg = Release|Any CPU
		{90A00E13-B3D6-40C5-B127-6B566D6782A0}.Release|x64.Build.0 = Release|Any CPU
		{90A00E13-B3D6-40C5-B127-6B566D6782A0}.Release|x86.ActiveCfg = Release|Any CPU
		{90A00E13-B3D6-40C5-B127-6B566D6782A0}.Release|x86.Build.0 = Release|Any CPU
		{3A1CDE1E-AC11-4812-AAE5-0565CECAA231}.Debug|Any CPU.ActiveCfg = Debug|Any CPU
		{3A1CDE1E-AC11-4812-AAE5-0565CECAA231}.Debug|Any CPU.Build.0 = Debug|Any CPU
		{3A1CDE1E-AC11-4812-AAE5-0565CECAA231}.Debug|x64.ActiveCfg = Debug|Any CPU
		{3A1CDE1E-AC11-4812-AAE5-0565CECAA231}.Debug|x64.Build.0 = Debug|Any CPU
		{3A1CDE1E-AC11-4812-AAE5-0565CECAA231}.Debug|x86.ActiveCfg = Debug|Any CPU
		{3A1CDE1E-AC11-4812-AAE5-0565CECAA231}.Debug|x86.Build.0 = Debug|Any CPU
		{3A1CDE1E-AC11-4812-AAE5-0565CECAA231}.Release|Any CPU.ActiveCfg = Release|Any CPU
		{3A1CDE1E-AC11-4812-AAE5-0565CECAA231}.Release|Any CPU.Build.0 = Release|Any CPU
		{3A1CDE1E-AC11-4812-AAE5-0565CECAA231}.Release|x64.ActiveCfg = Release|Any CPU
		{3A1CDE1E-AC11-4812-AAE5-0565CECAA231}.Release|x64.Build.0 = Release|Any CPU
		{3A1CDE1E-AC11-4812-AAE5-0565CECAA231}.Release|x86.ActiveCfg = Release|Any CPU
		{3A1CDE1E-AC11-4812-AAE5-0565CECAA231}.Release|x86.Build.0 = Release|Any CPU
		{6D1968A2-1090-4EEA-B8E4-E5CACA346058}.Debug|Any CPU.ActiveCfg = Debug|Any CPU
		{6D1968A2-1090-4EEA-B8E4-E5CACA346058}.Debug|Any CPU.Build.0 = Debug|Any CPU
		{6D1968A2-1090-4EEA-B8E4-E5CACA346058}.Debug|x64.ActiveCfg = Debug|Any CPU
		{6D1968A2-1090-4EEA-B8E4-E5CACA346058}.Debug|x64.Build.0 = Debug|Any CPU
		{6D1968A2-1090-4EEA-B8E4-E5CACA346058}.Debug|x86.ActiveCfg = Debug|Any CPU
		{6D1968A2-1090-4EEA-B8E4-E5CACA346058}.Debug|x86.Build.0 = Debug|Any CPU
		{6D1968A2-1090-4EEA-B8E4-E5CACA346058}.Release|Any CPU.ActiveCfg = Release|Any CPU
		{6D1968A2-1090-4EEA-B8E4-E5CACA346058}.Release|Any CPU.Build.0 = Release|Any CPU
		{6D1968A2-1090-4EEA-B8E4-E5CACA346058}.Release|x64.ActiveCfg = Release|Any CPU
		{6D1968A2-1090-4EEA-B8E4-E5CACA346058}.Release|x64.Build.0 = Release|Any CPU
		{6D1968A2-1090-4EEA-B8E4-E5CACA346058}.Release|x86.ActiveCfg = Release|Any CPU
		{6D1968A2-1090-4EEA-B8E4-E5CACA346058}.Release|x86.Build.0 = Release|Any CPU
		{5AF77FEE-F24E-45F1-8B0F-3231A2711DFC}.Debug|Any CPU.ActiveCfg = Debug|Any CPU
		{5AF77FEE-F24E-45F1-8B0F-3231A2711DFC}.Debug|Any CPU.Build.0 = Debug|Any CPU
		{5AF77FEE-F24E-45F1-8B0F-3231A2711DFC}.Debug|x64.ActiveCfg = Debug|Any CPU
		{5AF77FEE-F24E-45F1-8B0F-3231A2711DFC}.Debug|x64.Build.0 = Debug|Any CPU
		{5AF77FEE-F24E-45F1-8B0F-3231A2711DFC}.Debug|x86.ActiveCfg = Debug|Any CPU
		{5AF77FEE-F24E-45F1-8B0F-3231A2711DFC}.Debug|x86.Build.0 = Debug|Any CPU
		{5AF77FEE-F24E-45F1-8B0F-3231A2711DFC}.Release|Any CPU.ActiveCfg = Release|Any CPU
		{5AF77FEE-F24E-45F1-8B0F-3231A2711DFC}.Release|Any CPU.Build.0 = Release|Any CPU
		{5AF77FEE-F24E-45F1-8B0F-3231A2711DFC}.Release|x64.ActiveCfg = Release|Any CPU
		{5AF77FEE-F24E-45F1-8B0F-3231A2711DFC}.Release|x64.Build.0 = Release|Any CPU
		{5AF77FEE-F24E-45F1-8B0F-3231A2711DFC}.Release|x86.ActiveCfg = Release|Any CPU
		{5AF77FEE-F24E-45F1-8B0F-3231A2711DFC}.Release|x86.Build.0 = Release|Any CPU
		{D80EFF67-FF83-417B-B3A0-AD199570E704}.Debug|Any CPU.ActiveCfg = Debug|Any CPU
		{D80EFF67-FF83-417B-B3A0-AD199570E704}.Debug|Any CPU.Build.0 = Debug|Any CPU
		{D80EFF67-FF83-417B-B3A0-AD199570E704}.Debug|x64.ActiveCfg = Debug|Any CPU
		{D80EFF67-FF83-417B-B3A0-AD199570E704}.Debug|x64.Build.0 = Debug|Any CPU
		{D80EFF67-FF83-417B-B3A0-AD199570E704}.Debug|x86.ActiveCfg = Debug|Any CPU
		{D80EFF67-FF83-417B-B3A0-AD199570E704}.Debug|x86.Build.0 = Debug|Any CPU
		{D80EFF67-FF83-417B-B3A0-AD199570E704}.Release|Any CPU.ActiveCfg = Release|Any CPU
		{D80EFF67-FF83-417B-B3A0-AD199570E704}.Release|Any CPU.Build.0 = Release|Any CPU
		{D80EFF67-FF83-417B-B3A0-AD199570E704}.Release|x64.ActiveCfg = Release|Any CPU
		{D80EFF67-FF83-417B-B3A0-AD199570E704}.Release|x64.Build.0 = Release|Any CPU
		{D80EFF67-FF83-417B-B3A0-AD199570E704}.Release|x86.ActiveCfg = Release|Any CPU
		{D80EFF67-FF83-417B-B3A0-AD199570E704}.Release|x86.Build.0 = Release|Any CPU
	EndGlobalSection
	GlobalSection(SolutionProperties) = preSolution
		HideSolutionNode = FALSE
	EndGlobalSection
	GlobalSection(NestedProjects) = preSolution
		{5E0B4113-300F-406D-9935-7352DE17404E} = {827E0CD3-B72D-47B6-A68D-7590B98EB39B}
		{D75C1276-D447-4622-8311-9FD1534B964D} = {827E0CD3-B72D-47B6-A68D-7590B98EB39B}
		{90A00E13-B3D6-40C5-B127-6B566D6782A0} = {827E0CD3-B72D-47B6-A68D-7590B98EB39B}
		{3A1CDE1E-AC11-4812-AAE5-0565CECAA231} = {827E0CD3-B72D-47B6-A68D-7590B98EB39B}
		{6D1968A2-1090-4EEA-B8E4-E5CACA346058} = {0AB3BF05-4346-4AA6-1389-037BE0695223}
		{5AF77FEE-F24E-45F1-8B0F-3231A2711DFC} = {0AB3BF05-4346-4AA6-1389-037BE0695223}
		{D80EFF67-FF83-417B-B3A0-AD199570E704} = {0AB3BF05-4346-4AA6-1389-037BE0695223}
	EndGlobalSection
EndGlobal
